// !$*UTF8*$!
{
	archiveVersion = 1;
	classes = {
	};
	objectVersion = 48;
	objects = {

/* Begin PBXBuildFile section */
		132D00BD1FF1E11C0074408D /* AppDelegate.swift in Sources */ = {isa = PBXBuildFile; fileRef = 132D00BC1FF1E11C0074408D /* AppDelegate.swift */; };
		132D00BF1FF1E11C0074408D /* ViewController.swift in Sources */ = {isa = PBXBuildFile; fileRef = 132D00BE1FF1E11C0074408D /* ViewController.swift */; };
		132D00C21FF1E11C0074408D /* Main.storyboard in Resources */ = {isa = PBXBuildFile; fileRef = 132D00C01FF1E11C0074408D /* Main.storyboard */; };
		132D00C41FF1E11C0074408D /* Assets.xcassets in Resources */ = {isa = PBXBuildFile; fileRef = 132D00C31FF1E11C0074408D /* Assets.xcassets */; };
		132D00C71FF1E11C0074408D /* LaunchScreen.storyboard in Resources */ = {isa = PBXBuildFile; fileRef = 132D00C51FF1E11C0074408D /* LaunchScreen.storyboard */; };
		132D00D21FF1E11C0074408D /* TipperTests.swift in Sources */ = {isa = PBXBuildFile; fileRef = 132D00D11FF1E11C0074408D /* TipperTests.swift */; };
		132D00DD1FF1E11C0074408D /* TipperUITests.swift in Sources */ = {isa = PBXBuildFile; fileRef = 132D00DC1FF1E11C0074408D /* TipperUITests.swift */; };
/* End PBXBuildFile section */

/* Begin PBXContainerItemProxy section */
		132D00CE1FF1E11C0074408D /* PBXContainerItemProxy */ = {
			isa = PBXContainerItemProxy;
			containerPortal = 132D00B11FF1E11C0074408D /* Project object */;
			proxyType = 1;
			remoteGlobalIDString = 132D00B81FF1E11C0074408D;
			remoteInfo = Tipper;
		};
		132D00D91FF1E11C0074408D /* PBXContainerItemProxy */ = {
			isa = PBXContainerItemProxy;
			containerPortal = 132D00B11FF1E11C0074408D /* Project object */;
			proxyType = 1;
			remoteGlobalIDString = 132D00B81FF1E11C0074408D;
			remoteInfo = Tipper;
		};
/* End PBXContainerItemProxy section */

/* Begin PBXFileReference section */
		132D00B91FF1E11C0074408D /* Tipper.app */ = {isa = PBXFileReference; explicitFileType = wrapper.application; includeInIndex = 0; path = Tipper.app; sourceTree = BUILT_PRODUCTS_DIR; };
		132D00BC1FF1E11C0074408D /* AppDelegate.swift */ = {isa = PBXFileReference; lastKnownFileType = sourcecode.swift; path = AppDelegate.swift; sourceTree = "<group>"; };
		132D00BE1FF1E11C0074408D /* ViewController.swift */ = {isa = PBXFileReference; lastKnownFileType = sourcecode.swift; path = ViewController.swift; sourceTree = "<group>"; };
		132D00C11FF1E11C0074408D /* Base */ = {isa = PBXFileReference; lastKnownFileType = file.storyboard; name = Base; path = Base.lproj/Main.storyboard; sourceTree = "<group>"; };
		132D00C31FF1E11C0074408D /* Assets.xcassets */ = {isa = PBXFileReference; lastKnownFileType = folder.assetcatalog; path = Assets.xcassets; sourceTree = "<group>"; };
		132D00C61FF1E11C0074408D /* Base */ = {isa = PBXFileReference; lastKnownFileType = file.storyboard; name = Base; path = Base.lproj/LaunchScreen.storyboard; sourceTree = "<group>"; };
		132D00C81FF1E11C0074408D /* Info.plist */ = {isa = PBXFileReference; lastKnownFileType = text.plist.xml; path = Info.plist; sourceTree = "<group>"; };
		132D00CD1FF1E11C0074408D /* TipperTests.xctest */ = {isa = PBXFileReference; explicitFileType = wrapper.cfbundle; includeInIndex = 0; path = TipperTests.xctest; sourceTree = BUILT_PRODUCTS_DIR; };
		132D00D11FF1E11C0074408D /* TipperTests.swift */ = {isa = PBXFileReference; lastKnownFileType = sourcecode.swift; path = TipperTests.swift; sourceTree = "<group>"; };
		132D00D31FF1E11C0074408D /* Info.plist */ = {isa = PBXFileReference; lastKnownFileType = text.plist.xml; path = Info.plist; sourceTree = "<group>"; };
		132D00D81FF1E11C0074408D /* TipperUITests.xctest */ = {isa = PBXFileReference; explicitFileType = wrapper.cfbundle; includeInIndex = 0; path = TipperUITests.xctest; sourceTree = BUILT_PRODUCTS_DIR; };
		132D00DC1FF1E11C0074408D /* TipperUITests.swift */ = {isa = PBXFileReference; lastKnownFileType = sourcecode.swift; path = TipperUITests.swift; sourceTree = "<group>"; };
		132D00DE1FF1E11C0074408D /* Info.plist */ = {isa = PBXFileReference; lastKnownFileType = text.plist.xml; path = Info.plist; sourceTree = "<group>"; };
/* End PBXFileReference section */

/* Begin PBXFrameworksBuildPhase section */
		132D00B61FF1E11C0074408D /* Frameworks */ = {
			isa = PBXFrameworksBuildPhase;
			buildActionMask = 2147483647;
			files = (
			);
			runOnlyForDeploymentPostprocessing = 0;
		};
		132D00CA1FF1E11C0074408D /* Frameworks */ = {
			isa = PBXFrameworksBuildPhase;
			buildActionMask = 2147483647;
			files = (
			);
			runOnlyForDeploymentPostprocessing = 0;
		};
		132D00D51FF1E11C0074408D /* Frameworks */ = {
			isa = PBXFrameworksBuildPhase;
			buildActionMask = 2147483647;
			files = (
			);
			runOnlyForDeploymentPostprocessing = 0;
		};
/* End PBXFrameworksBuildPhase section */

/* Begin PBXGroup section */
		132D00B01FF1E11C0074408D = {
			isa = PBXGroup;
			children = (
				132D00BB1FF1E11C0074408D /* Tipper */,
				132D00D01FF1E11C0074408D /* TipperTests */,
				132D00DB1FF1E11C0074408D /* TipperUITests */,
				132D00BA1FF1E11C0074408D /* Products */,
			);
			sourceTree = "<group>";
		};
		132D00BA1FF1E11C0074408D /* Products */ = {
			isa = PBXGroup;
			children = (
				132D00B91FF1E11C0074408D /* Tipper.app */,
				132D00CD1FF1E11C0074408D /* TipperTests.xctest */,
				132D00D81FF1E11C0074408D /* TipperUITests.xctest */,
			);
			name = Products;
			sourceTree = "<group>";
		};
		132D00BB1FF1E11C0074408D /* Tipper */ = {
			isa = PBXGroup;
			children = (
				132D00BC1FF1E11C0074408D /* AppDelegate.swift */,
				132D00BE1FF1E11C0074408D /* ViewController.swift */,
				132D00C01FF1E11C0074408D /* Main.storyboard */,
				132D00C31FF1E11C0074408D /* Assets.xcassets */,
				132D00C51FF1E11C0074408D /* LaunchScreen.storyboard */,
				132D00C81FF1E11C0074408D /* Info.plist */,
			);
			path = Tipper;
			sourceTree = "<group>";
		};
		132D00D01FF1E11C0074408D /* TipperTests */ = {
			isa = PBXGroup;
			children = (
				132D00D11FF1E11C0074408D /* TipperTests.swift */,
				132D00D31FF1E11C0074408D /* Info.plist */,
			);
			path = TipperTests;
			sourceTree = "<group>";
		};
		132D00DB1FF1E11C0074408D /* TipperUITests */ = {
			isa = PBXGroup;
			children = (
				132D00DC1FF1E11C0074408D /* TipperUITests.swift */,
				132D00DE1FF1E11C0074408D /* Info.plist */,
			);
			path = TipperUITests;
			sourceTree = "<group>";
		};
/* End PBXGroup section */

/* Begin PBXNativeTarget section */
		132D00B81FF1E11C0074408D /* Tipper */ = {
			isa = PBXNativeTarget;
			buildConfigurationList = 132D00E11FF1E11C0074408D /* Build configuration list for PBXNativeTarget "Tipper" */;
			buildPhases = (
				132D00B51FF1E11C0074408D /* Sources */,
				132D00B61FF1E11C0074408D /* Frameworks */,
				132D00B71FF1E11C0074408D /* Resources */,
			);
			buildRules = (
			);
			dependencies = (
			);
			name = Tipper;
			productName = Tipper;
			productReference = 132D00B91FF1E11C0074408D /* Tipper.app */;
			productType = "com.apple.product-type.application";
		};
		132D00CC1FF1E11C0074408D /* TipperTests */ = {
			isa = PBXNativeTarget;
			buildConfigurationList = 132D00E41FF1E11C0074408D /* Build configuration list for PBXNativeTarget "TipperTests" */;
			buildPhases = (
				132D00C91FF1E11C0074408D /* Sources */,
				132D00CA1FF1E11C0074408D /* Frameworks */,
				132D00CB1FF1E11C0074408D /* Resources */,
			);
			buildRules = (
			);
			dependencies = (
				132D00CF1FF1E11C0074408D /* PBXTargetDependency */,
			);
			name = TipperTests;
			productName = TipperTests;
			productReference = 132D00CD1FF1E11C0074408D /* TipperTests.xctest */;
			productType = "com.apple.product-type.bundle.unit-test";
		};
		132D00D71FF1E11C0074408D /* TipperUITests */ = {
			isa = PBXNativeTarget;
			buildConfigurationList = 132D00E71FF1E11C0074408D /* Build configuration list for PBXNativeTarget "TipperUITests" */;
			buildPhases = (
				132D00D41FF1E11C0074408D /* Sources */,
				132D00D51FF1E11C0074408D /* Frameworks */,
				132D00D61FF1E11C0074408D /* Resources */,
			);
			buildRules = (
			);
			dependencies = (
				132D00DA1FF1E11C0074408D /* PBXTargetDependency */,
			);
			name = TipperUITests;
			productName = TipperUITests;
			productReference = 132D00D81FF1E11C0074408D /* TipperUITests.xctest */;
			productType = "com.apple.product-type.bundle.ui-testing";
		};
/* End PBXNativeTarget section */

/* Begin PBXProject section */
		132D00B11FF1E11C0074408D /* Project object */ = {
			isa = PBXProject;
			attributes = {
				LastSwiftUpdateCheck = 0920;
				LastUpgradeCheck = 0920;
				ORGANIZATIONNAME = "Prachi Gupta";
				TargetAttributes = {
					132D00B81FF1E11C0074408D = {
						CreatedOnToolsVersion = 9.2;
						ProvisioningStyle = Automatic;
					};
					132D00CC1FF1E11C0074408D = {
						CreatedOnToolsVersion = 9.2;
						ProvisioningStyle = Automatic;
						TestTargetID = 132D00B81FF1E11C0074408D;
					};
					132D00D71FF1E11C0074408D = {
						CreatedOnToolsVersion = 9.2;
						ProvisioningStyle = Automatic;
						TestTargetID = 132D00B81FF1E11C0074408D;
					};
				};
			};
			buildConfigurationList = 132D00B41FF1E11C0074408D /* Build configuration list for PBXProject "Tipper" */;
			compatibilityVersion = "Xcode 8.0";
			developmentRegion = en;
			hasScannedForEncodings = 0;
			knownRegions = (
				en,
				Base,
			);
			mainGroup = 132D00B01FF1E11C0074408D;
			productRefGroup = 132D00BA1FF1E11C0074408D /* Products */;
			projectDirPath = "";
			projectRoot = "";
			targets = (
				132D00B81FF1E11C0074408D /* Tipper */,
				132D00CC1FF1E11C0074408D /* TipperTests */,
				132D00D71FF1E11C0074408D /* TipperUITests */,
			);
		};
/* End PBXProject section */

/* Begin PBXResourcesBuildPhase section */
		132D00B71FF1E11C0074408D /* Resources */ = {
			isa = PBXResourcesBuildPhase;
			buildActionMask = 2147483647;
			files = (
				132D00C71FF1E11C0074408D /* LaunchScreen.storyboard in Resources */,
				132D00C41FF1E11C0074408D /* Assets.xcassets in Resources */,
				132D00C21FF1E11C0074408D /* Main.storyboard in Resources */,
			);
			runOnlyForDeploymentPostprocessing = 0;
		};
		132D00CB1FF1E11C0074408D /* Resources */ = {
			isa = PBXResourcesBuildPhase;
			buildActionMask = 2147483647;
			files = (
			);
			runOnlyForDeploymentPostprocessing = 0;
		};
		132D00D61FF1E11C0074408D /* Resources */ = {
			isa = PBXResourcesBuildPhase;
			buildActionMask = 2147483647;
			files = (
			);
			runOnlyForDeploymentPostprocessing = 0;
		};
/* End PBXResourcesBuildPhase section */

/* Begin PBXSourcesBuildPhase section */
		132D00B51FF1E11C0074408D /* Sources */ = {
			isa = PBXSourcesBuildPhase;
			buildActionMask = 2147483647;
			files = (
				132D00BF1FF1E11C0074408D /* ViewController.swift in Sources */,
				132D00BD1FF1E11C0074408D /* AppDelegate.swift in Sources */,
			);
			runOnlyForDeploymentPostprocessing = 0;
		};
		132D00C91FF1E11C0074408D /* Sources */ = {
			isa = PBXSourcesBuildPhase;
			buildActionMask = 2147483647;
			files = (
				132D00D21FF1E11C0074408D /* TipperTests.swift in Sources */,
			);
			runOnlyForDeploymentPostprocessing = 0;
		};
		132D00D41FF1E11C0074408D /* Sources */ = {
			isa = PBXSourcesBuildPhase;
			buildActionMask = 2147483647;
			files = (
				132D00DD1FF1E11C0074408D /* TipperUITests.swift in Sources */,
			);
			runOnlyForDeploymentPostprocessing = 0;
		};
/* End PBXSourcesBuildPhase section */

/* Begin PBXTargetDependency section */
		132D00CF1FF1E11C0074408D /* PBXTargetDependency */ = {
			isa = PBXTargetDependency;
			target = 132D00B81FF1E11C0074408D /* Tipper */;
			targetProxy = 132D00CE1FF1E11C0074408D /* PBXContainerItemProxy */;
		};
		132D00DA1FF1E11C0074408D /* PBXTargetDependency */ = {
			isa = PBXTargetDependency;
			target = 132D00B81FF1E11C0074408D /* Tipper */;
			targetProxy = 132D00D91FF1E11C0074408D /* PBXContainerItemProxy */;
		};
/* End PBXTargetDependency section */

/* Begin PBXVariantGroup section */
		132D00C01FF1E11C0074408D /* Main.storyboard */ = {
			isa = PBXVariantGroup;
			children = (
				132D00C11FF1E11C0074408D /* Base */,
			);
			name = Main.storyboard;
			sourceTree = "<group>";
		};
		132D00C51FF1E11C0074408D /* LaunchScreen.storyboard */ = {
			isa = PBXVariantGroup;
			children = (
				132D00C61FF1E11C0074408D /* Base */,
			);
			name = LaunchScreen.storyboard;
			sourceTree = "<group>";
		};
/* End PBXVariantGroup section */

/* Begin XCBuildConfiguration section */
		132D00DF1FF1E11C0074408D /* Debug */ = {
			isa = XCBuildConfiguration;
			buildSettings = {
				ALWAYS_SEARCH_USER_PATHS = NO;
				CLANG_ANALYZER_NONNULL = YES;
				CLANG_ANALYZER_NUMBER_OBJECT_CONVERSION = YES_AGGRESSIVE;
				CLANG_CXX_LANGUAGE_STANDARD = "gnu++14";
				CLANG_CXX_LIBRARY = "libc++";
				CLANG_ENABLE_MODULES = YES;
				CLANG_ENABLE_OBJC_ARC = YES;
				CLANG_WARN_BLOCK_CAPTURE_AUTORELEASING = YES;
				CLANG_WARN_BOOL_CONVERSION = YES;
				CLANG_WARN_COMMA = YES;
				CLANG_WARN_CONSTANT_CONVERSION = YES;
				CLANG_WARN_DIRECT_OBJC_ISA_USAGE = YES_ERROR;
				CLANG_WARN_DOCUMENTATION_COMMENTS = YES;
				CLANG_WARN_EMPTY_BODY = YES;
				CLANG_WARN_ENUM_CONVERSION = YES;
				CLANG_WARN_INFINITE_RECURSION = YES;
				CLANG_WARN_INT_CONVERSION = YES;
				CLANG_WARN_NON_LITERAL_NULL_CONVERSION = YES;
				CLANG_WARN_OBJC_LITERAL_CONVERSION = YES;
				CLANG_WARN_OBJC_ROOT_CLASS = YES_ERROR;
				CLANG_WARN_RANGE_LOOP_ANALYSIS = YES;
				CLANG_WARN_STRICT_PROTOTYPES = YES;
				CLANG_WARN_SUSPICIOUS_MOVE = YES;
				CLANG_WARN_UNGUARDED_AVAILABILITY = YES_AGGRESSIVE;
				CLANG_WARN_UNREACHABLE_CODE = YES;
				CLANG_WARN__DUPLICATE_METHOD_MATCH = YES;
				CODE_SIGN_IDENTITY = "iPhone Developer";
				COPY_PHASE_STRIP = NO;
				DEBUG_INFORMATION_FORMAT = dwarf;
				ENABLE_STRICT_OBJC_MSGSEND = YES;
				ENABLE_TESTABILITY = YES;
				GCC_C_LANGUAGE_STANDARD = gnu11;
				GCC_DYNAMIC_NO_PIC = NO;
				GCC_NO_COMMON_BLOCKS = YES;
				GCC_OPTIMIZATION_LEVEL = 0;
				GCC_PREPROCESSOR_DEFINITIONS = (
					"DEBUG=1",
					"$(inherited)",
				);
				GCC_WARN_64_TO_32_BIT_CONVERSION = YES;
				GCC_WARN_ABOUT_RETURN_TYPE = YES_ERROR;
				GCC_WARN_UNDECLARED_SELECTOR = YES;
				GCC_WARN_UNINITIALIZED_AUTOS = YES_AGGRESSIVE;
				GCC_WARN_UNUSED_FUNCTION = YES;
				GCC_WARN_UNUSED_VARIABLE = YES;
				IPHONEOS_DEPLOYMENT_TARGET = 11.2;
				MTL_ENABLE_DEBUG_INFO = YES;
				ONLY_ACTIVE_ARCH = YES;
				SDKROOT = iphoneos;
				SWIFT_ACTIVE_COMPILATION_CONDITIONS = DEBUG;
				SWIFT_OPTIMIZATION_LEVEL = "-Onone";
			};
			name = Debug;
		};
		132D00E01FF1E11C0074408D /* Release */ = {
			isa = XCBuildConfiguration;
			buildSettings = {
				ALWAYS_SEARCH_USER_PATHS = NO;
				CLANG_ANALYZER_NONNULL = YES;
				CLANG_ANALYZER_NUMBER_OBJECT_CONVERSION = YES_AGGRESSIVE;
				CLANG_CXX_LANGUAGE_STANDARD = "gnu++14";
				CLANG_CXX_LIBRARY = "libc++";
				CLANG_ENABLE_MODULES = YES;
				CLANG_ENABLE_OBJC_ARC = YES;
				CLANG_WARN_BLOCK_CAPTURE_AUTORELEASING = YES;
				CLANG_WARN_BOOL_CONVERSION = YES;
				CLANG_WARN_COMMA = YES;
				CLANG_WARN_CONSTANT_CONVERSION = YES;
				CLANG_WARN_DIRECT_OBJC_ISA_USAGE = YES_ERROR;
				CLANG_WARN_DOCUMENTATION_COMMENTS = YES;
				CLANG_WARN_EMPTY_BODY = YES;
				CLANG_WARN_ENUM_CONVERSION = YES;
				CLANG_WARN_INFINITE_RECURSION = YES;
				CLANG_WARN_INT_CONVERSION = YES;
				CLANG_WARN_NON_LITERAL_NULL_CONVERSION = YES;
				CLANG_WARN_OBJC_LITERAL_CONVERSION = YES;
				CLANG_WARN_OBJC_ROOT_CLASS = YES_ERROR;
				CLANG_WARN_RANGE_LOOP_ANALYSIS = YES;
				CLANG_WARN_STRICT_PROTOTYPES = YES;
				CLANG_WARN_SUSPICIOUS_MOVE = YES;
				CLANG_WARN_UNGUARDED_AVAILABILITY = YES_AGGRESSIVE;
				CLANG_WARN_UNREACHABLE_CODE = YES;
				CLANG_WARN__DUPLICATE_METHOD_MATCH = YES;
				CODE_SIGN_IDENTITY = "iPhone Developer";
				COPY_PHASE_STRIP = NO;
				DEBUG_INFORMATION_FORMAT = "dwarf-with-dsym";
				ENABLE_NS_ASSERTIONS = NO;
				ENABLE_STRICT_OBJC_MSGSEND = YES;
				GCC_C_LANGUAGE_STANDARD = gnu11;
				GCC_NO_COMMON_BLOCKS = YES;
				GCC_WARN_64_TO_32_BIT_CONVERSION = YES;
				GCC_WARN_ABOUT_RETURN_TYPE = YES_ERROR;
				GCC_WARN_UNDECLARED_SELECTOR = YES;
				GCC_WARN_UNINITIALIZED_AUTOS = YES_AGGRESSIVE;
				GCC_WARN_UNUSED_FUNCTION = YES;
				GCC_WARN_UNUSED_VARIABLE = YES;
				IPHONEOS_DEPLOYMENT_TARGET = 11.2;
				MTL_ENABLE_DEBUG_INFO = NO;
				SDKROOT = iphoneos;
				SWIFT_OPTIMIZATION_LEVEL = "-Owholemodule";
				VALIDATE_PRODUCT = YES;
			};
			name = Release;
		};
		132D00E21FF1E11C0074408D /* Debug */ = {
			isa = XCBuildConfiguration;
			buildSettings = {
				ASSETCATALOG_COMPILER_APPICON_NAME = AppIcon;
				CODE_SIGN_STYLE = Automatic;
				INFOPLIST_FILE = Tipper/Info.plist;
				LD_RUNPATH_SEARCH_PATHS = "$(inherited) @executable_path/Frameworks";
				PRODUCT_BUNDLE_IDENTIFIER = com.prachigupta.Tipper;
				PRODUCT_NAME = "$(TARGET_NAME)";
				SWIFT_VERSION = 4.0;
				TARGETED_DEVICE_FAMILY = "1,2";
			};
			name = Debug;
		};
		132D00E31FF1E11C0074408D /* Release */ = {
			isa = XCBuildConfiguration;
			buildSettings = {
				ASSETCATALOG_COMPILER_APPICON_NAME = AppIcon;
				CODE_SIGN_STYLE = Automatic;
				INFOPLIST_FILE = Tipper/Info.plist;
				LD_RUNPATH_SEARCH_PATHS = "$(inherited) @executable_path/Frameworks";
				PRODUCT_BUNDLE_IDENTIFIER = com.prachigupta.Tipper;
				PRODUCT_NAME = "$(TARGET_NAME)";
				SWIFT_VERSION = 4.0;
				TARGETED_DEVICE_FAMILY = "1,2";
			};
			name = Release;
		};
		132D00E51FF1E11C0074408D /* Debug */ = {
			isa = XCBuildConfiguration;
			buildSettings = {
				ALWAYS_EMBED_SWIFT_STANDARD_LIBRARIES = YES;
				BUNDLE_LOADER = "$(TEST_HOST)";
				CODE_SIGN_STYLE = Automatic;
				INFOPLIST_FILE = TipperTests/Info.plist;
				LD_RUNPATH_SEARCH_PATHS = "$(inherited) @executable_path/Frameworks @loader_path/Frameworks";
				PRODUCT_BUNDLE_IDENTIFIER = com.prachigupta.TipperTests;
				PRODUCT_NAME = "$(TARGET_NAME)";
				SWIFT_VERSION = 4.0;
				TARGETED_DEVICE_FAMILY = "1,2";
				TEST_HOST = "$(BUILT_PRODUCTS_DIR)/Tipper.app/Tipper";
			};
			name = Debug;
		};
		132D00E61FF1E11C0074408D /* Release */ = {
			isa = XCBuildConfiguration;
			buildSettings = {
				ALWAYS_EMBED_SWIFT_STANDARD_LIBRARIES = YES;
				BUNDLE_LOADER = "$(TEST_HOST)";
				CODE_SIGN_STYLE = Automatic;
				INFOPLIST_FILE = TipperTests/Info.plist;
				LD_RUNPATH_SEARCH_PATHS = "$(inherited) @executable_path/Frameworks @loader_path/Frameworks";
				PRODUCT_BUNDLE_IDENTIFIER = com.prachigupta.TipperTests;
				PRODUCT_NAME = "$(TARGET_NAME)";
				SWIFT_VERSION = 4.0;
				TARGETED_DEVICE_FAMILY = "1,2";
				TEST_HOST = "$(BUILT_PRODUCTS_DIR)/Tipper.app/Tipper";
			};
			name = Release;
		};
		132D00E81FF1E11C0074408D /* Debug */ = {
			isa = XCBuildConfiguration;
			buildSettings = {
				ALWAYS_EMBED_SWIFT_STANDARD_LIBRARIES = YES;
				CODE_SIGN_STYLE = Automatic;
				INFOPLIST_FILE = TipperUITests/Info.plist;
				LD_RUNPATH_SEARCH_PATHS = "$(inherited) @executable_path/Frameworks @loader_path/Frameworks";
				PRODUCT_BUNDLE_IDENTIFIER = com.prachigupta.TipperUITests;
				PRODUCT_NAME = "$(TARGET_NAME)";
				SWIFT_VERSION = 4.0;
				TARGETED_DEVICE_FAMILY = "1,2";
				TEST_TARGET_NAME = Tipper;
			};
			name = Debug;
		};
		132D00E91FF1E11C0074408D /* Release */ = {
			isa = XCBuildConfiguration;
			buildSettings = {
				ALWAYS_EMBED_SWIFT_STANDARD_LIBRARIES = YES;
				CODE_SIGN_STYLE = Automatic;
				INFOPLIST_FILE = TipperUITests/Info.plist;
				LD_RUNPATH_SEARCH_PATHS = "$(inherited) @executable_path/Frameworks @loader_path/Frameworks";
				PRODUCT_BUNDLE_IDENTIFIER = com.prachigupta.TipperUITests;
				PRODUCT_NAME = "$(TARGET_NAME)";
				SWIFT_VERSION = 4.0;
				TARGETED_DEVICE_FAMILY = "1,2";
				TEST_TARGET_NAME = Tipper;
			};
			name = Release;
		};
/* End XCBuildConfiguration section */

/* Begin XCConfigurationList section */
		132D00B41FF1E11C0074408D /* Build configuration list for PBXProject "Tipper" */ = {
			isa = XCConfigurationList;
			buildConfigurations = (
				132D00DF1FF1E11C0074408D /* Debug */,
				132D00E01FF1E11C0074408D /* Release */,
			);
			defaultConfigurationIsVisible = 0;
			defaultConfigurationName = Release;
		};
		132D00E11FF1E11C0074408D /* Build configuration list for PBXNativeTarget "Tipper" */ = {
			isa = XCConfigurationList;
			buildConfigurations = (
				132D00E21FF1E11C0074408D /* Debug */,
				132D00E31FF1E11C0074408D /* Release */,
			);
			defaultConfigurationIsVisible = 0;
			defaultConfigurationName = Release;
		};
		132D00E41FF1E11C0074408D /* Build configuration list for PBXNativeTarget "TipperTests" */ = {
			isa = XCConfigurationList;
			buildConfigurations = (
				132D00E51FF1E11C0074408D /* Debug */,
				132D00E61FF1E11C0074408D /* Release */,
			);
			defaultConfigurationIsVisible = 0;
			defaultConfigurationName = Release;
		};
		132D00E71FF1E11C0074408D /* Build configuration list for PBXNativeTarget "TipperUITests" */ = {
			isa = XCConfigurationList;
			buildConfigurations = (
				132D00E81FF1E11C0074408D /* Debug */,
				132D00E91FF1E11C0074408D /* Release */,
			);
			defaultConfigurationIsVisible = 0;
			defaultConfigurationName = Release;
		};
/* End XCConfigurationList section */
	};
	rootObject = 132D00B11FF1E11C0074408D /* Project object */;
}
